# This file is generated by running "yarn install" inside your project.
# Manual changes might be lost - proceed with caution!

__metadata:
  version: 8
  cacheKey: 10c0

"@popperjs/core@npm:^2.11.8":
  version: 2.11.8
  resolution: "@popperjs/core@npm:2.11.8"
  checksum: 10c0/4681e682abc006d25eb380d0cf3efc7557043f53b6aea7a5057d0d1e7df849a00e281cd8ea79c902a35a414d7919621fc2ba293ecec05f413598e0b23d5a1e63
  languageName: node
  linkType: hard

"bootstrap@npm:^5.3.3":
  version: 5.3.3
  resolution: "bootstrap@npm:5.3.3"
  peerDependencies:
    "@popperjs/core": ^2.11.8
  checksum: 10c0/bb68ca7b763977b9cce40cb5b8c676ae19a716d2f5d15009fa7bdbcec9dea426968e3cb748fbed7592fbf10edd7c749aea841c2920996a7c1aa5e0a6e2d4c2ad
  languageName: node
  linkType: hard

"my_new_project@workspace:.":
  version: 0.0.0-use.local
  resolution: "my_new_project@workspace:."
  dependencies:
    "@popperjs/core": "npm:^2.11.8"
    bootstrap: "npm:^5.3.3"
  languageName: unknown
  linkType: soft
